
Microsoft Visual Studio Solution File, Format Version 12.00
# Visual Studio Version 17
VisualStudioVersion = 17.13.35818.85
MinimumVisualStudioVersion = 10.0.40219.1
Project("{FAE04EC0-301F-11D3-BF4B-00C04F79EFBC}") = "TopUpSaldo", "TopUpSaldo\TopUpSaldo.csproj", "{7E5F9395-920E-48A4-A9B2-053D97C2EEFD}"
EndProject
Global
	GlobalSection(SolutionConfigurationPlatforms) = preSolution
		Debug|Any CPU = Debug|Any CPU
		Release|Any CPU = Release|Any CPU
	EndGlobalSection
	GlobalSection(ProjectConfigurationPlatforms) = postSolution
		{7E5F9395-920E-48A4-A9B2-053D97C2EEFD}.Debug|Any CPU.ActiveCfg = Debug|Any CPU
		{7E5F9395-920E-48A4-A9B2-053D97C2EEFD}.Debug|Any CPU.Build.0 = Debug|Any CPU
		{7E5F9395-920E-48A4-A9B2-053D97C2EEFD}.Release|Any CPU.ActiveCfg = Release|Any CPU
		{7E5F9395-920E-48A4-A9B2-053D97C2EEFD}.Release|Any CPU.Build.0 = Release|Any CPU
	EndGlobalSection
	GlobalSection(SolutionProperties) = preSolution
		HideSolutionNode = FALSE
	EndGlobalSection
	GlobalSection(ExtensibilityGlobals) = postSolution
		SolutionGuid = {FBA81A94-4892-431A-8C32-1B34D3B468EB}
	EndGlobalSection
EndGlobal
